
Microsoft Visual Studio Solution File, Format Version 12.00
# Visual Studio Version 17
VisualStudioVersion = 17.5.33502.453
MinimumVisualStudioVersion = 10.0.40219.1
Project("{FAE04EC0-301F-11D3-BF4B-00C04F79EFBC}") = "Pensumsjekk5", "Pensumsjekk5.csproj", "{4DD331D1-EFED-4D16-859F-C7D322B71B3A}"
EndProject
Global
	GlobalSection(SolutionConfigurationPlatforms) = preSolution
		Debug|Any CPU = Debug|Any CPU
		Release|Any CPU = Release|Any CPU
	EndGlobalSection
	GlobalSection(ProjectConfigurationPlatforms) = postSolution
		{4DD331D1-EFED-4D16-859F-C7D322B71B3A}.Debug|Any CPU.ActiveCfg = Debug|Any CPU
		{4DD331D1-EFED-4D16-859F-C7D322B71B3A}.Debug|Any CPU.Build.0 = Debug|Any CPU
		{4DD331D1-EFED-4D16-859F-C7D322B71B3A}.Release|Any CPU.ActiveCfg = Release|Any CPU
		{4DD331D1-EFED-4D16-859F-C7D322B71B3A}.Release|Any CPU.Build.0 = Release|Any CPU
	EndGlobalSection
	GlobalSection(SolutionProperties) = preSolution
		HideSolutionNode = FALSE
	EndGlobalSection
	GlobalSection(ExtensibilityGlobals) = postSolution
		SolutionGuid = {BFFA5876-EBCB-4681-A298-72A14E197943}
	EndGlobalSection
EndGlobal
